
Microsoft Visual Studio Solution File, Format Version 12.00
# Visual Studio Version 17
VisualStudioVersion = 17.6.33815.320
MinimumVisualStudioVersion = 10.0.40219.1
Project("{FAE04EC0-301F-11D3-BF4B-00C04F79EFBC}") = "Shamiga", "Shamiga\Shamiga.csproj", "{D5F3CDE8-DD1D-4AE1-8DAD-D36BC210A939}"
EndProject
Global
	GlobalSection(SolutionConfigurationPlatforms) = preSolution
		Debug|Any CPU = Debug|Any CPU
		Release|Any CPU = Release|Any CPU
	EndGlobalSection
	GlobalSection(ProjectConfigurationPlatforms) = postSolution
		{D5F3CDE8-DD1D-4AE1-8DAD-D36BC210A939}.Debug|Any CPU.ActiveCfg = Debug|Any CPU
		{D5F3CDE8-DD1D-4AE1-8DAD-D36BC210A939}.Debug|Any CPU.Build.0 = Debug|Any CPU
		{D5F3CDE8-DD1D-4AE1-8DAD-D36BC210A939}.Release|Any CPU.ActiveCfg = Release|Any CPU
		{D5F3CDE8-DD1D-4AE1-8DAD-D36BC210A939}.Release|Any CPU.Build.0 = Release|Any CPU
	EndGlobalSection
	GlobalSection(SolutionProperties) = preSolution
		HideSolutionNode = FALSE
	EndGlobalSection
	GlobalSection(ExtensibilityGlobals) = postSolution
		SolutionGuid = {79093679-5B62-4DEA-A215-2845DF3B8807}
	EndGlobalSection
EndGlobal
